
Microsoft Visual Studio Solution File, Format Version 12.00
Project("{FAE04EC0-301F-11D3-BF4B-00C04F79EFBC}") = "firstProject", "firstProject\firstProject.csproj", "{34EB0BEF-65D2-4310-81D2-8DDEFC146BE7}"
EndProject
Project("{FAE04EC0-301F-11D3-BF4B-00C04F79EFBC}") = "Calculator", "Calculator\Calculator.csproj", "{D9056475-F99F-45CF-AAB6-93A661BB835B}"
EndProject
Global
	GlobalSection(SolutionConfigurationPlatforms) = preSolution
		Debug|Any CPU = Debug|Any CPU
		Release|Any CPU = Release|Any CPU
	EndGlobalSection
	GlobalSection(ProjectConfigurationPlatforms) = postSolution
		{34EB0BEF-65D2-4310-81D2-8DDEFC146BE7}.Debug|Any CPU.ActiveCfg = Debug|Any CPU
		{34EB0BEF-65D2-4310-81D2-8DDEFC146BE7}.Debug|Any CPU.Build.0 = Debug|Any CPU
		{34EB0BEF-65D2-4310-81D2-8DDEFC146BE7}.Release|Any CPU.ActiveCfg = Release|Any CPU
		{34EB0BEF-65D2-4310-81D2-8DDEFC146BE7}.Release|Any CPU.Build.0 = Release|Any CPU
		{D9056475-F99F-45CF-AAB6-93A661BB835B}.Debug|Any CPU.ActiveCfg = Debug|Any CPU
		{D9056475-F99F-45CF-AAB6-93A661BB835B}.Debug|Any CPU.Build.0 = Debug|Any CPU
		{D9056475-F99F-45CF-AAB6-93A661BB835B}.Release|Any CPU.ActiveCfg = Release|Any CPU
		{D9056475-F99F-45CF-AAB6-93A661BB835B}.Release|Any CPU.Build.0 = Release|Any CPU
	EndGlobalSection
EndGlobal
