
Microsoft Visual Studio Solution File, Format Version 12.00
Project("{FAE04EC0-301F-11D3-BF4B-00C04F79EFBC}") = "firstProject", "firstProject\firstProject.csproj", "{34EB0BEF-65D2-4310-81D2-8DDEFC146BE7}"
EndProject
Project("{FAE04EC0-301F-11D3-BF4B-00C04F79EFBC}") = "Calculator", "Calculator\Calculator.csproj", "{D9056475-F99F-45CF-AAB6-93A661BB835B}"
EndProject
Project("{FAE04EC0-301F-11D3-BF4B-00C04F79EFBC}") = "Calculator2", "Calculator2\Calculator2.csproj", "{5A23F6CE-5A46-4AA6-81AC-A4C86C0034A3}"
EndProject
Project("{FAE04EC0-301F-11D3-BF4B-00C04F79EFBC}") = "LoopExercises", "LoopExercises\LoopExercises.csproj", "{AAFBDC5C-F15C-4CD5-AE95-601748933462}"
EndProject
Project("{FAE04EC0-301F-11D3-BF4B-00C04F79EFBC}") = "Review", "Review\Review.csproj", "{5CD0E60E-3D5B-40E5-9404-44B4FD7A9CE8}"
EndProject
Project("{FAE04EC0-301F-11D3-BF4B-00C04F79EFBC}") = "TODOlist", "TODOlist\TODOlist.csproj", "{6690183F-E2A6-4435-9234-8963C05CBA37}"
EndProject
Global
	GlobalSection(SolutionConfigurationPlatforms) = preSolution
		Debug|Any CPU = Debug|Any CPU
		Release|Any CPU = Release|Any CPU
	EndGlobalSection
	GlobalSection(ProjectConfigurationPlatforms) = postSolution
		{34EB0BEF-65D2-4310-81D2-8DDEFC146BE7}.Debug|Any CPU.ActiveCfg = Debug|Any CPU
		{34EB0BEF-65D2-4310-81D2-8DDEFC146BE7}.Debug|Any CPU.Build.0 = Debug|Any CPU
		{34EB0BEF-65D2-4310-81D2-8DDEFC146BE7}.Release|Any CPU.ActiveCfg = Release|Any CPU
		{34EB0BEF-65D2-4310-81D2-8DDEFC146BE7}.Release|Any CPU.Build.0 = Release|Any CPU
		{D9056475-F99F-45CF-AAB6-93A661BB835B}.Debug|Any CPU.ActiveCfg = Debug|Any CPU
		{D9056475-F99F-45CF-AAB6-93A661BB835B}.Debug|Any CPU.Build.0 = Debug|Any CPU
		{D9056475-F99F-45CF-AAB6-93A661BB835B}.Release|Any CPU.ActiveCfg = Release|Any CPU
		{D9056475-F99F-45CF-AAB6-93A661BB835B}.Release|Any CPU.Build.0 = Release|Any CPU
		{5A23F6CE-5A46-4AA6-81AC-A4C86C0034A3}.Debug|Any CPU.ActiveCfg = Debug|Any CPU
		{5A23F6CE-5A46-4AA6-81AC-A4C86C0034A3}.Debug|Any CPU.Build.0 = Debug|Any CPU
		{5A23F6CE-5A46-4AA6-81AC-A4C86C0034A3}.Release|Any CPU.ActiveCfg = Release|Any CPU
		{5A23F6CE-5A46-4AA6-81AC-A4C86C0034A3}.Release|Any CPU.Build.0 = Release|Any CPU
		{AAFBDC5C-F15C-4CD5-AE95-601748933462}.Debug|Any CPU.ActiveCfg = Debug|Any CPU
		{AAFBDC5C-F15C-4CD5-AE95-601748933462}.Debug|Any CPU.Build.0 = Debug|Any CPU
		{AAFBDC5C-F15C-4CD5-AE95-601748933462}.Release|Any CPU.ActiveCfg = Release|Any CPU
		{AAFBDC5C-F15C-4CD5-AE95-601748933462}.Release|Any CPU.Build.0 = Release|Any CPU
		{5CD0E60E-3D5B-40E5-9404-44B4FD7A9CE8}.Debug|Any CPU.ActiveCfg = Debug|Any CPU
		{5CD0E60E-3D5B-40E5-9404-44B4FD7A9CE8}.Debug|Any CPU.Build.0 = Debug|Any CPU
		{5CD0E60E-3D5B-40E5-9404-44B4FD7A9CE8}.Release|Any CPU.ActiveCfg = Release|Any CPU
		{5CD0E60E-3D5B-40E5-9404-44B4FD7A9CE8}.Release|Any CPU.Build.0 = Release|Any CPU
		{6690183F-E2A6-4435-9234-8963C05CBA37}.Debug|Any CPU.ActiveCfg = Debug|Any CPU
		{6690183F-E2A6-4435-9234-8963C05CBA37}.Debug|Any CPU.Build.0 = Debug|Any CPU
		{6690183F-E2A6-4435-9234-8963C05CBA37}.Release|Any CPU.ActiveCfg = Release|Any CPU
		{6690183F-E2A6-4435-9234-8963C05CBA37}.Release|Any CPU.Build.0 = Release|Any CPU
	EndGlobalSection
EndGlobal
